# THIS IS AN AUTOGENERATED FILE. DO NOT EDIT THIS FILE DIRECTLY.
# yarn lockfile v1


"@popperjs/core@^2.11.5":
  "integrity" "sha512-50/17A98tWUfQ176raKiOGXuYpLyyVMkxxG6oylzL3BPOlA6ADGdK7EYunSa4I064xerltq9TGXs8HmOk5E+vw=="
  "resolved" "https://registry.npmjs.org/@popperjs/core/-/core-2.11.6.tgz"
  "version" "2.11.6"

"@types/node@*":
  "integrity" "sha512-46yIhxSe5xEaJZXWdIBP7GU4HDTG8/eo0qd9atdiL+lFpA03y8KS+lkTN834TWJj5767GbWv4n/P6efyTFt1Dw=="
  "resolved" "https://registry.npmjs.org/@types/node/-/node-18.7.13.tgz"
  "version" "18.7.13"

"bootstrap@^5.2.0":
  "integrity" "sha512-qlnS9GL6YZE6Wnef46GxGv1UpGGzAwO0aPL1yOjzDIJpeApeMvqV24iL+pjr2kU4dduoBA9fINKWKgMToobx9A=="
  "resolved" "https://registry.npmjs.org/bootstrap/-/bootstrap-5.2.0.tgz"
  "version" "5.2.0"

"canvas-renderer@~2.2.0":
  "integrity" "sha512-RrBgVL5qCEDIXpJ6NrzyRNoTnXxYarqm/cS/W6ERhUJts5UQtt/XPEosGN3rqUkZ4fjBArlnCbsISJ+KCFnIAg=="
  "resolved" "https://registry.npmjs.org/canvas-renderer/-/canvas-renderer-2.2.1.tgz"
  "version" "2.2.1"
  dependencies:
    "@types/node" "*"

"font-awesome@^4.7.0":
  "integrity" "sha512-U6kGnykA/6bFmg1M/oT9EkFeIYv7JlX3bozwQJWiiLz6L0w3F5vBVPxHlwyX/vtNq1ckcpRKOB9f2Qal/VtFpg=="
  "resolved" "https://registry.npmjs.org/font-awesome/-/font-awesome-4.7.0.tgz"
  "version" "4.7.0"

"jdenticon@^3.2.0":
  "integrity" "sha512-z6Iq3fTODUMSOiR2nNYrqigS6Y0GvdXfyQWrUby7htDHvX7GNEwaWR4hcaL+FmhEgBe08Xkup/BKxXQhDJByPA=="
  "resolved" "https://registry.npmjs.org/jdenticon/-/jdenticon-3.2.0.tgz"
  "version" "3.2.0"
  dependencies:
    "canvas-renderer" "~2.2.0"

"jquery@^3.6.0":
  "integrity" "sha512-JVzAR/AjBvVt2BmYhxRCSYysDsPcssdmTFnzyLEts9qNwmjmu4JTAMYubEfwVOSwpQ1I1sKKFcxhZCI2buerfw=="
  "resolved" "https://registry.npmjs.org/jquery/-/jquery-3.6.0.tgz"
  "version" "3.6.0"
